
Microsoft Visual Studio Solution File, Format Version 12.00
# Visual Studio Version 17
VisualStudioVersion = 17.2.32630.192
MinimumVisualStudioVersion = 10.0.40219.1
Project("{FAE04EC0-301F-11D3-BF4B-00C04F79EFBC}") = "Integration1CExtensions", "Extensions\Integration1CExtensions\Integration1CExtensions.csproj", "{F0AC8E6E-50EF-4C5F-93DF-8E1DD3D324A5}"
EndProject
Global
	GlobalSection(SolutionConfigurationPlatforms) = preSolution
		Debug|Any CPU = Debug|Any CPU
		Release|Any CPU = Release|Any CPU
	EndGlobalSection
	GlobalSection(ProjectConfigurationPlatforms) = postSolution
		{F0AC8E6E-50EF-4C5F-93DF-8E1DD3D324A5}.Debug|Any CPU.ActiveCfg = Debug|Any CPU
		{F0AC8E6E-50EF-4C5F-93DF-8E1DD3D324A5}.Debug|Any CPU.Build.0 = Debug|Any CPU
		{F0AC8E6E-50EF-4C5F-93DF-8E1DD3D324A5}.Release|Any CPU.ActiveCfg = Release|Any CPU
		{F0AC8E6E-50EF-4C5F-93DF-8E1DD3D324A5}.Release|Any CPU.Build.0 = Release|Any CPU
	EndGlobalSection
	GlobalSection(SolutionProperties) = preSolution
		HideSolutionNode = FALSE
	EndGlobalSection
	GlobalSection(ExtensibilityGlobals) = postSolution
		SolutionGuid = {FC6F767A-458D-406E-A38B-5634DFA731C7}
	EndGlobalSection
EndGlobal
